
Microsoft Visual Studio Solution File, Format Version 12.00
# Visual Studio 15
VisualStudioVersion = 15.0.27703.2026
MinimumVisualStudioVersion = 10.0.40219.1
Project("{FAE04EC0-301F-11D3-BF4B-00C04F79EFBC}") = "avg", "avg\avg.csproj", "{BA3E97EF-8964-43BC-B8AF-1BCB2339D1DE}"
EndProject
Global
	GlobalSection(SolutionConfigurationPlatforms) = preSolution
		Debug|Any CPU = Debug|Any CPU
		Release|Any CPU = Release|Any CPU
	EndGlobalSection
	GlobalSection(ProjectConfigurationPlatforms) = postSolution
		{BA3E97EF-8964-43BC-B8AF-1BCB2339D1DE}.Debug|Any CPU.ActiveCfg = Debug|Any CPU
		{BA3E97EF-8964-43BC-B8AF-1BCB2339D1DE}.Debug|Any CPU.Build.0 = Debug|Any CPU
		{BA3E97EF-8964-43BC-B8AF-1BCB2339D1DE}.Release|Any CPU.ActiveCfg = Release|Any CPU
		{BA3E97EF-8964-43BC-B8AF-1BCB2339D1DE}.Release|Any CPU.Build.0 = Release|Any CPU
	EndGlobalSection
	GlobalSection(SolutionProperties) = preSolution
		HideSolutionNode = FALSE
	EndGlobalSection
	GlobalSection(ExtensibilityGlobals) = postSolution
		SolutionGuid = {618FF3FB-78A5-4BEA-B27B-EF670FCB88FF}
	EndGlobalSection
EndGlobal
